
Microsoft Visual Studio Solution File, Format Version 12.00
# Visual Studio 15
VisualStudioVersion = 15.0.26730.16
MinimumVisualStudioVersion = 10.0.40219.1
Project("{8BC9CEB8-8B4A-11D0-8D11-00A0C91BC942}") = "1991-BattleOnBog", "1991-BattleOnBog\1991-BattleOnBog.vcxproj", "{C436189B-D661-478C-BBB9-A7360AE555AB}"
EndProject
Project("{8BC9CEB8-8B4A-11D0-8D11-00A0C91BC942}") = "1263-Voting", "1263-Voting\1263-Voting.vcxproj", "{9962E07E-2094-4E1F-890C-496CEEC6CE5E}"
EndProject
Project("{8BC9CEB8-8B4A-11D0-8D11-00A0C91BC942}") = "1319-Hotel", "1319-Hotel\1319-Hotel.vcxproj", "{E09A8B47-4F25-4ABE-A291-281061E5E08A}"
EndProject
Global
	GlobalSection(SolutionConfigurationPlatforms) = preSolution
		Debug|x64 = Debug|x64
		Debug|x86 = Debug|x86
		Release|x64 = Release|x64
		Release|x86 = Release|x86
	EndGlobalSection
	GlobalSection(ProjectConfigurationPlatforms) = postSolution
		{C436189B-D661-478C-BBB9-A7360AE555AB}.Debug|x64.ActiveCfg = Debug|x64
		{C436189B-D661-478C-BBB9-A7360AE555AB}.Debug|x64.Build.0 = Debug|x64
		{C436189B-D661-478C-BBB9-A7360AE555AB}.Debug|x86.ActiveCfg = Debug|Win32
		{C436189B-D661-478C-BBB9-A7360AE555AB}.Debug|x86.Build.0 = Debug|Win32
		{C436189B-D661-478C-BBB9-A7360AE555AB}.Release|x64.ActiveCfg = Release|x64
		{C436189B-D661-478C-BBB9-A7360AE555AB}.Release|x64.Build.0 = Release|x64
		{C436189B-D661-478C-BBB9-A7360AE555AB}.Release|x86.ActiveCfg = Release|Win32
		{C436189B-D661-478C-BBB9-A7360AE555AB}.Release|x86.Build.0 = Release|Win32
		{9962E07E-2094-4E1F-890C-496CEEC6CE5E}.Debug|x64.ActiveCfg = Debug|x64
		{9962E07E-2094-4E1F-890C-496CEEC6CE5E}.Debug|x64.Build.0 = Debug|x64
		{9962E07E-2094-4E1F-890C-496CEEC6CE5E}.Debug|x86.ActiveCfg = Debug|Win32
		{9962E07E-2094-4E1F-890C-496CEEC6CE5E}.Debug|x86.Build.0 = Debug|Win32
		{9962E07E-2094-4E1F-890C-496CEEC6CE5E}.Release|x64.ActiveCfg = Release|x64
		{9962E07E-2094-4E1F-890C-496CEEC6CE5E}.Release|x64.Build.0 = Release|x64
		{9962E07E-2094-4E1F-890C-496CEEC6CE5E}.Release|x86.ActiveCfg = Release|Win32
		{9962E07E-2094-4E1F-890C-496CEEC6CE5E}.Release|x86.Build.0 = Release|Win32
		{E09A8B47-4F25-4ABE-A291-281061E5E08A}.Debug|x64.ActiveCfg = Debug|x64
		{E09A8B47-4F25-4ABE-A291-281061E5E08A}.Debug|x64.Build.0 = Debug|x64
		{E09A8B47-4F25-4ABE-A291-281061E5E08A}.Debug|x86.ActiveCfg = Debug|Win32
		{E09A8B47-4F25-4ABE-A291-281061E5E08A}.Debug|x86.Build.0 = Debug|Win32
		{E09A8B47-4F25-4ABE-A291-281061E5E08A}.Release|x64.ActiveCfg = Release|x64
		{E09A8B47-4F25-4ABE-A291-281061E5E08A}.Release|x64.Build.0 = Release|x64
		{E09A8B47-4F25-4ABE-A291-281061E5E08A}.Release|x86.ActiveCfg = Release|Win32
		{E09A8B47-4F25-4ABE-A291-281061E5E08A}.Release|x86.Build.0 = Release|Win32
	EndGlobalSection
	GlobalSection(SolutionProperties) = preSolution
		HideSolutionNode = FALSE
	EndGlobalSection
	GlobalSection(ExtensibilityGlobals) = postSolution
		SolutionGuid = {A6420149-2126-41D9-84F1-CDE0AF4EB9E5}
	EndGlobalSection
EndGlobal
